{
    "_meta": {
        "hash": {
            "sha256": "eb18dadba78a1e04e5a94a8a242d5031d9a89df741f12b1a8699a49fdcb712a1"
        },
        "pipfile-spec": 6,
        "requires": {
            "python_version": "3.12"
        },
        "sources": [
            {
                "name": "pypi",
                "url": "https://pypi.org/simple",
                "verify_ssl": true
            }
        ]
    },
    "default": {
        "alembic": {
            "hashes": [
                "sha256:1c72391bbdeffccfe317eefba686cb9a3c078005478885413b95c3b26c57a8a7",
                "sha256:2e76bd916d547f6900ec4bb5a90aeac1485d2c92536923d0b138c02b126edc53"
            ],
            "markers": "python_version >= '3.9'",
            "version": "==1.15.2"
        },
        "aniso8601": {
            "hashes": [
                "sha256:25488f8663dd1528ae1f54f94ac1ea51ae25b4d531539b8bc707fed184d16845",
                "sha256:eb19717fd4e0db6de1aab06f12450ab92144246b257423fe020af5748c0cb89e"
            ],
            "version": "==10.0.1"
        },
        "attrs": {
            "hashes": [
                "sha256:427318ce031701fea540783410126f03899a97ffc6f61596ad581ac2e40e3bc3",
                "sha256:75d7cefc7fb576747b2c81b4442d4d4a1ce0900973527c011d1030fd3bf4af1b"
            ],
            "markers": "python_version >= '3.8'",
            "version": "==25.3.0"
        },
        "blinker": {
            "hashes": [
                "sha256:b4ce2265a7abece45e7cc896e98dbebe6cead56bcf805a3d23136d145f5445bf",
                "sha256:ba0efaa9080b619ff2f3459d1d500c57bddea4a6b424b60a91141db6fd2f08bc"
            ],
            "markers": "python_version >= '3.9'",
            "version": "==1.9.0"
        },
        "click": {
            "hashes": [
                "sha256:6b303f0b2aa85f1cb4e5303078fadcbcd4e476f114fab9b5007005711839325c",
                "sha256:f5452aeddd9988eefa20f90f05ab66f17fce1ee2a36907fd30b05bbb5953814d"
            ],
            "markers": "python_version >= '3.10'",
            "version": "==8.2.0"
        },
        "flask": {
            "hashes": [
                "sha256:07aae2bb5eaf77993ef57e357491839f5fd9f4dc281593a81a9e4d79a24f295c",
                "sha256:284c7b8f2f58cb737f0cf1c30fd7eaf0ccfcde196099d24ecede3fc2005aa59e"
            ],
            "index": "pypi",
            "markers": "python_version >= '3.9'",
            "version": "==3.1.1"
        },
        "flask-migrate": {
            "hashes": [
                "sha256:1a336b06eb2c3ace005f5f2ded8641d534c18798d64061f6ff11f79e1434126d",
                "sha256:24d8051af161782e0743af1b04a152d007bad9772b2bca67b7ec1e8ceeb3910d"
            ],
            "index": "pypi",
            "markers": "python_version >= '3.6'",
            "version": "==4.1.0"
        },
        "flask-restx": {
            "hashes": [
                "sha256:4f3d3fa7b6191fcc715b18c201a12cd875176f92ba4acc61626ccfd571ee1728",
                "sha256:636c56c3fb3f2c1df979e748019f084a938c4da2035a3e535a4673e4fc177691"
            ],
            "index": "pypi",
            "version": "==1.3.0"
        },
        "flask-sqlalchemy": {
            "hashes": [
                "sha256:4ba4be7f419dc72f4efd8802d69974803c37259dd42f3913b0dcf75c9447e0a0",
                "sha256:e4b68bb881802dda1a7d878b2fc84c06d1ee57fb40b874d3dc97dabfa36b8312"
            ],
            "index": "pypi",
            "markers": "python_version >= '3.8'",
            "version": "==3.1.1"
        },
        "greenlet": {
            "hashes": [
                "sha256:00cd814b8959b95a546e47e8d589610534cfb71f19802ea8a2ad99d95d702057",
                "sha256:02a98600899ca1ca5d3a2590974c9e3ec259503b2d6ba6527605fcd74e08e207",
                "sha256:02f5972ff02c9cf615357c17ab713737cccfd0eaf69b951084a9fd43f39833d3",
                "sha256:055916fafad3e3388d27dd68517478933a97edc2fc54ae79d3bec827de2c64c4",
                "sha256:0a16fb934fcabfdfacf21d79e6fed81809d8cd97bc1be9d9c89f0e4567143d7b",
                "sha256:1592a615b598643dbfd566bac8467f06c8c8ab6e56f069e573832ed1d5d528cc",
                "sha256:1919cbdc1c53ef739c94cf2985056bcc0838c1f217b57647cbf4578576c63825",
                "sha256:1e4747712c4365ef6765708f948acc9c10350719ca0545e362c24ab973017370",
                "sha256:1e76106b6fc55fa3d6fe1c527f95ee65e324a13b62e243f77b48317346559708",
                "sha256:1f72667cc341c95184f1c68f957cb2d4fc31eef81646e8e59358a10ce6689457",
                "sha256:2593283bf81ca37d27d110956b79e8723f9aa50c4bcdc29d3c0543d4743d2763",
                "sha256:2dc5c43bb65ec3669452af0ab10729e8fdc17f87a1f2ad7ec65d4aaaefabf6bf",
                "sha256:3091bc45e6b0c73f225374fefa1536cd91b1e987377b12ef5b19129b07d93ebe",
                "sha256:354f67445f5bed6604e493a06a9a49ad65675d3d03477d38a4db4a427e9aad0e",
                "sha256:3885f85b61798f4192d544aac7b25a04ece5fe2704670b4ab73c2d2c14ab740d",
                "sha256:3ab7194ee290302ca15449f601036007873028712e92ca15fc76597a0aeb4c59",
                "sha256:3aeca9848d08ce5eb653cf16e15bb25beeab36e53eb71cc32569f5f3afb2a3aa",
                "sha256:44671c29da26539a5f142257eaba5110f71887c24d40df3ac87f1117df589e0e",
                "sha256:45f9f4853fb4cc46783085261c9ec4706628f3b57de3e68bae03e8f8b3c0de51",
                "sha256:4bd139e4943547ce3a56ef4b8b1b9479f9e40bb47e72cc906f0f66b9d0d5cab3",
                "sha256:4fefc7aa68b34b9224490dfda2e70ccf2131368493add64b4ef2d372955c207e",
                "sha256:6629311595e3fe7304039c67f00d145cd1d38cf723bb5b99cc987b23c1433d61",
                "sha256:6fadd183186db360b61cb34e81117a096bff91c072929cd1b529eb20dd46e6c5",
                "sha256:71566302219b17ca354eb274dfd29b8da3c268e41b646f330e324e3967546a74",
                "sha256:7409796591d879425997a518138889d8d17e63ada7c99edc0d7a1c22007d4907",
                "sha256:752f0e79785e11180ebd2e726c8a88109ded3e2301d40abced2543aa5d164275",
                "sha256:7791dcb496ec53d60c7f1c78eaa156c21f402dda38542a00afc3e20cae0f480f",
                "sha256:782743700ab75716650b5238a4759f840bb2dcf7bff56917e9ffdf9f1f23ec59",
                "sha256:7c9896249fbef2c615853b890ee854f22c671560226c9221cfd27c995db97e5c",
                "sha256:85f3e248507125bf4af607a26fd6cb8578776197bd4b66e35229cdf5acf1dfbf",
                "sha256:89c69e9a10670eb7a66b8cef6354c24671ba241f46152dd3eed447f79c29fb5b",
                "sha256:8cb8553ee954536500d88a1a2f58fcb867e45125e600e80f586ade399b3f8819",
                "sha256:9ae572c996ae4b5e122331e12bbb971ea49c08cc7c232d1bd43150800a2d6c65",
                "sha256:9c7b15fb9b88d9ee07e076f5a683027bc3befd5bb5d25954bb633c385d8b737e",
                "sha256:9ea5231428af34226c05f927e16fc7f6fa5e39e3ad3cd24ffa48ba53a47f4240",
                "sha256:a31ead8411a027c2c4759113cf2bd473690517494f3d6e4bf67064589afcd3c5",
                "sha256:a8fa80665b1a29faf76800173ff5325095f3e66a78e62999929809907aca5659",
                "sha256:ad053d34421a2debba45aa3cc39acf454acbcd025b3fc1a9f8a0dee237abd485",
                "sha256:b24c7844c0a0afc3ccbeb0b807adeefb7eff2b5599229ecedddcfeb0ef333bec",
                "sha256:b50a8c5c162469c3209e5ec92ee4f95c8231b11db6a04db09bbe338176723bb8",
                "sha256:ba30e88607fb6990544d84caf3c706c4b48f629e18853fc6a646f82db9629418",
                "sha256:bf3fc9145141250907730886b031681dfcc0de1c158f3cc51c092223c0f381ce",
                "sha256:c23ea227847c9dbe0b3910f5c0dd95658b607137614eb821e6cbaecd60d81cc6",
                "sha256:c3cc1a3ed00ecfea8932477f729a9f616ad7347a5e55d50929efa50a86cb7be7",
                "sha256:c49e9f7c6f625507ed83a7485366b46cbe325717c60837f7244fc99ba16ba9d6",
                "sha256:d0cb7d47199001de7658c213419358aa8937df767936506db0db7ce1a71f4a2f",
                "sha256:d8009ae46259e31bc73dc183e402f548e980c96f33a6ef58cc2e7865db012e13",
                "sha256:da956d534a6d1b9841f95ad0f18ace637668f680b1339ca4dcfb2c1837880a0b",
                "sha256:dcb9cebbf3f62cb1e5afacae90761ccce0effb3adaa32339a0670fe7805d8068",
                "sha256:decb0658ec19e5c1f519faa9a160c0fc85a41a7e6654b3ce1b44b939f8bf1325",
                "sha256:df4d1509efd4977e6a844ac96d8be0b9e5aa5d5c77aa27ca9f4d3f92d3fcf330",
                "sha256:eeb27bece45c0c2a5842ac4c5a1b5c2ceaefe5711078eed4e8043159fa05c834",
                "sha256:efcdfb9df109e8a3b475c016f60438fcd4be68cd13a365d42b35914cdab4bb2b",
                "sha256:fd9fb7c941280e2c837b603850efc93c999ae58aae2b40765ed682a6907ebbc5",
                "sha256:fe46d4f8e94e637634d54477b0cfabcf93c53f29eedcbdeecaf2af32029b4421"
            ],
            "markers": "platform_machine == 'aarch64' or (platform_machine == 'ppc64le' or (platform_machine == 'x86_64' or (platform_machine == 'amd64' or (platform_machine == 'AMD64' or (platform_machine == 'win32' or platform_machine == 'WIN32')))))",
            "version": "==3.2.2"
        },
        "importlib-resources": {
            "hashes": [
                "sha256:185f87adef5bcc288449d98fb4fba07cea78bc036455dd44c5fc4a2fe78fed2c",
                "sha256:789cfdc3ed28c78b67a06acb8126751ced69a3d5f79c095a98298cd8a760ccec"
            ],
            "markers": "python_version >= '3.9'",
            "version": "==6.5.2"
        },
        "itsdangerous": {
            "hashes": [
                "sha256:c6242fc49e35958c8b15141343aa660db5fc54d4f13a1db01a3f5891b98700ef",
                "sha256:e0050c0b7da1eea53ffaf149c0cfbb5c6e2e2b69c4bef22c81fa6eb73e5f6173"
            ],
            "markers": "python_version >= '3.8'",
            "version": "==2.2.0"
        },
        "jinja2": {
            "hashes": [
                "sha256:0137fb05990d35f1275a587e9aee6d56da821fc83491a0fb838183be43f66d6d",
                "sha256:85ece4451f492d0c13c5dd7c13a64681a86afae63a5f347908daf103ce6d2f67"
            ],
            "markers": "python_version >= '3.7'",
            "version": "==3.1.6"
        },
        "jsonschema": {
            "hashes": [
                "sha256:d71497fef26351a33265337fa77ffeb82423f3ea21283cd9467bb03999266bc4",
                "sha256:fbadb6f8b144a8f8cf9f0b89ba94501d143e50411a1278633f56a7acf7fd5566"
            ],
            "markers": "python_version >= '3.8'",
            "version": "==4.23.0"
        },
        "jsonschema-specifications": {
            "hashes": [
                "sha256:4653bffbd6584f7de83a67e0d620ef16900b390ddc7939d56684d6c81e33f1af",
                "sha256:630159c9f4dbea161a6a2205c3011cc4f18ff381b189fff48bb39b9bf26ae608"
            ],
            "markers": "python_version >= '3.9'",
            "version": "==2025.4.1"
        },
        "mako": {
            "hashes": [
                "sha256:99579a6f39583fa7e5630a28c3c1f440e4e97a414b80372649c0ce338da2ea28",
                "sha256:baef24a52fc4fc514a0887ac600f9f1cff3d82c61d4d700a1fa84d597b88db59"
            ],
            "markers": "python_version >= '3.8'",
            "version": "==1.3.10"
        },
        "markupsafe": {
            "hashes": [
                "sha256:0bff5e0ae4ef2e1ae4fdf2dfd5b76c75e5c2fa4132d05fc1b0dabcd20c7e28c4",
                "sha256:0f4ca02bea9a23221c0182836703cbf8930c5e9454bacce27e767509fa286a30",
                "sha256:1225beacc926f536dc82e45f8a4d68502949dc67eea90eab715dea3a21c1b5f0",
                "sha256:131a3c7689c85f5ad20f9f6fb1b866f402c445b220c19fe4308c0b147ccd2ad9",
                "sha256:15ab75ef81add55874e7ab7055e9c397312385bd9ced94920f2802310c930396",
                "sha256:1a9d3f5f0901fdec14d8d2f66ef7d035f2157240a433441719ac9a3fba440b13",
                "sha256:1c99d261bd2d5f6b59325c92c73df481e05e57f19837bdca8413b9eac4bd8028",
                "sha256:1e084f686b92e5b83186b07e8a17fc09e38fff551f3602b249881fec658d3eca",
                "sha256:2181e67807fc2fa785d0592dc2d6206c019b9502410671cc905d132a92866557",
                "sha256:2cb8438c3cbb25e220c2ab33bb226559e7afb3baec11c4f218ffa7308603c832",
                "sha256:3169b1eefae027567d1ce6ee7cae382c57fe26e82775f460f0b2778beaad66c0",
                "sha256:3809ede931876f5b2ec92eef964286840ed3540dadf803dd570c3b7e13141a3b",
                "sha256:38a9ef736c01fccdd6600705b09dc574584b89bea478200c5fbf112a6b0d5579",
                "sha256:3d79d162e7be8f996986c064d1c7c817f6df3a77fe3d6859f6f9e7be4b8c213a",
                "sha256:444dcda765c8a838eaae23112db52f1efaf750daddb2d9ca300bcae1039adc5c",
                "sha256:48032821bbdf20f5799ff537c7ac3d1fba0ba032cfc06194faffa8cda8b560ff",
                "sha256:4aa4e5faecf353ed117801a068ebab7b7e09ffb6e1d5e412dc852e0da018126c",
                "sha256:52305740fe773d09cffb16f8ed0427942901f00adedac82ec8b67752f58a1b22",
                "sha256:569511d3b58c8791ab4c2e1285575265991e6d8f8700c7be0e88f86cb0672094",
                "sha256:57cb5a3cf367aeb1d316576250f65edec5bb3be939e9247ae594b4bcbc317dfb",
                "sha256:5b02fb34468b6aaa40dfc198d813a641e3a63b98c2b05a16b9f80b7ec314185e",
                "sha256:6381026f158fdb7c72a168278597a5e3a5222e83ea18f543112b2662a9b699c5",
                "sha256:6af100e168aa82a50e186c82875a5893c5597a0c1ccdb0d8b40240b1f28b969a",
                "sha256:6c89876f41da747c8d3677a2b540fb32ef5715f97b66eeb0c6b66f5e3ef6f59d",
                "sha256:6e296a513ca3d94054c2c881cc913116e90fd030ad1c656b3869762b754f5f8a",
                "sha256:70a87b411535ccad5ef2f1df5136506a10775d267e197e4cf531ced10537bd6b",
                "sha256:7e94c425039cde14257288fd61dcfb01963e658efbc0ff54f5306b06054700f8",
                "sha256:846ade7b71e3536c4e56b386c2a47adf5741d2d8b94ec9dc3e92e5e1ee1e2225",
                "sha256:88416bd1e65dcea10bc7569faacb2c20ce071dd1f87539ca2ab364bf6231393c",
                "sha256:88b49a3b9ff31e19998750c38e030fc7bb937398b1f78cfa599aaef92d693144",
                "sha256:8c4e8c3ce11e1f92f6536ff07154f9d49677ebaaafc32db9db4620bc11ed480f",
                "sha256:8e06879fc22a25ca47312fbe7c8264eb0b662f6db27cb2d3bbbc74b1df4b9b87",
                "sha256:9025b4018f3a1314059769c7bf15441064b2207cb3f065e6ea1e7359cb46db9d",
                "sha256:93335ca3812df2f366e80509ae119189886b0f3c2b81325d39efdb84a1e2ae93",
                "sha256:9778bd8ab0a994ebf6f84c2b949e65736d5575320a17ae8984a77fab08db94cf",
                "sha256:9e2d922824181480953426608b81967de705c3cef4d1af983af849d7bd619158",
                "sha256:a123e330ef0853c6e822384873bef7507557d8e4a082961e1defa947aa59ba84",
                "sha256:a904af0a6162c73e3edcb969eeeb53a63ceeb5d8cf642fade7d39e7963a22ddb",
                "sha256:ad10d3ded218f1039f11a75f8091880239651b52e9bb592ca27de44eed242a48",
                "sha256:b424c77b206d63d500bcb69fa55ed8d0e6a3774056bdc4839fc9298a7edca171",
                "sha256:b5a6b3ada725cea8a5e634536b1b01c30bcdcd7f9c6fff4151548d5bf6b3a36c",
                "sha256:ba8062ed2cf21c07a9e295d5b8a2a5ce678b913b45fdf68c32d95d6c1291e0b6",
                "sha256:ba9527cdd4c926ed0760bc301f6728ef34d841f405abf9d4f959c478421e4efd",
                "sha256:bbcb445fa71794da8f178f0f6d66789a28d7319071af7a496d4d507ed566270d",
                "sha256:bcf3e58998965654fdaff38e58584d8937aa3096ab5354d493c77d1fdd66d7a1",
                "sha256:c0ef13eaeee5b615fb07c9a7dadb38eac06a0608b41570d8ade51c56539e509d",
                "sha256:cabc348d87e913db6ab4aa100f01b08f481097838bdddf7c7a84b7575b7309ca",
                "sha256:cdb82a876c47801bb54a690c5ae105a46b392ac6099881cdfb9f6e95e4014c6a",
                "sha256:cfad01eed2c2e0c01fd0ecd2ef42c492f7f93902e39a42fc9ee1692961443a29",
                "sha256:d16a81a06776313e817c951135cf7340a3e91e8c1ff2fac444cfd75fffa04afe",
                "sha256:d8213e09c917a951de9d09ecee036d5c7d36cb6cb7dbaece4c71a60d79fb9798",
                "sha256:e07c3764494e3776c602c1e78e298937c3315ccc9043ead7e685b7f2b8d47b3c",
                "sha256:e17c96c14e19278594aa4841ec148115f9c7615a47382ecb6b82bd8fea3ab0c8",
                "sha256:e444a31f8db13eb18ada366ab3cf45fd4b31e4db1236a4448f68778c1d1a5a2f",
                "sha256:e6a2a455bd412959b57a172ce6328d2dd1f01cb2135efda2e4576e8a23fa3b0f",
                "sha256:eaa0a10b7f72326f1372a713e73c3f739b524b3af41feb43e4921cb529f5929a",
                "sha256:eb7972a85c54febfb25b5c4b4f3af4dcc731994c7da0d8a0b4a6eb0640e1d178",
                "sha256:ee55d3edf80167e48ea11a923c7386f4669df67d7994554387f84e7d8b0a2bf0",
                "sha256:f3818cb119498c0678015754eba762e0d61e5b52d34c8b13d770f0719f7b1d79",
                "sha256:f8b3d067f2e40fe93e1ccdd6b2e1d16c43140e76f02fb1319a05cf2b79d99430",
                "sha256:fcabf5ff6eea076f859677f5f0b6b5c1a51e70a376b0579e0eadef8db48c6b50"
            ],
            "markers": "python_version >= '3.9'",
            "version": "==3.0.2"
        },
        "psycopg2-binary": {
            "hashes": [
                "sha256:03ef7df18daf2c4c07e2695e8cfd5ee7f748a1d54d802330985a78d2a5a6dca9",
                "sha256:0a602ea5aff39bb9fac6308e9c9d82b9a35c2bf288e184a816002c9fae930b77",
                "sha256:0c009475ee389757e6e34611d75f6e4f05f0cf5ebb76c6037508318e1a1e0d7e",
                "sha256:0ef4854e82c09e84cc63084a9e4ccd6d9b154f1dbdd283efb92ecd0b5e2b8c84",
                "sha256:1236ed0952fbd919c100bc839eaa4a39ebc397ed1c08a97fc45fee2a595aa1b3",
                "sha256:143072318f793f53819048fdfe30c321890af0c3ec7cb1dfc9cc87aa88241de2",
                "sha256:15208be1c50b99203fe88d15695f22a5bed95ab3f84354c494bcb1d08557df67",
                "sha256:1873aade94b74715be2246321c8650cabf5a0d098a95bab81145ffffa4c13876",
                "sha256:18d0ef97766055fec15b5de2c06dd8e7654705ce3e5e5eed3b6651a1d2a9a152",
                "sha256:1ea665f8ce695bcc37a90ee52de7a7980be5161375d42a0b6c6abedbf0d81f0f",
                "sha256:2293b001e319ab0d869d660a704942c9e2cce19745262a8aba2115ef41a0a42a",
                "sha256:246b123cc54bb5361588acc54218c8c9fb73068bf227a4a531d8ed56fa3ca7d6",
                "sha256:275ff571376626195ab95a746e6a04c7df8ea34638b99fc11160de91f2fef503",
                "sha256:281309265596e388ef483250db3640e5f414168c5a67e9c665cafce9492eda2f",
                "sha256:2d423c8d8a3c82d08fe8af900ad5b613ce3632a1249fd6a223941d0735fce493",
                "sha256:2e5afae772c00980525f6d6ecf7cbca55676296b580c0e6abb407f15f3706996",
                "sha256:30dcc86377618a4c8f3b72418df92e77be4254d8f89f14b8e8f57d6d43603c0f",
                "sha256:31a34c508c003a4347d389a9e6fcc2307cc2150eb516462a7a17512130de109e",
                "sha256:323ba25b92454adb36fa425dc5cf6f8f19f78948cbad2e7bc6cdf7b0d7982e59",
                "sha256:34eccd14566f8fe14b2b95bb13b11572f7c7d5c36da61caf414d23b91fcc5d94",
                "sha256:3a58c98a7e9c021f357348867f537017057c2ed7f77337fd914d0bedb35dace7",
                "sha256:3f78fd71c4f43a13d342be74ebbc0666fe1f555b8837eb113cb7416856c79682",
                "sha256:4154ad09dac630a0f13f37b583eae260c6aa885d67dfbccb5b02c33f31a6d420",
                "sha256:420f9bbf47a02616e8554e825208cb947969451978dceb77f95ad09c37791dae",
                "sha256:4686818798f9194d03c9129a4d9a702d9e113a89cb03bffe08c6cf799e053291",
                "sha256:57fede879f08d23c85140a360c6a77709113efd1c993923c59fde17aa27599fe",
                "sha256:60989127da422b74a04345096c10d416c2b41bd7bf2a380eb541059e4e999980",
                "sha256:64cf30263844fa208851ebb13b0732ce674d8ec6a0c86a4e160495d299ba3c93",
                "sha256:68fc1f1ba168724771e38bee37d940d2865cb0f562380a1fb1ffb428b75cb692",
                "sha256:6e6f98446430fdf41bd36d4faa6cb409f5140c1c2cf58ce0bbdaf16af7d3f119",
                "sha256:729177eaf0aefca0994ce4cffe96ad3c75e377c7b6f4efa59ebf003b6d398716",
                "sha256:72dffbd8b4194858d0941062a9766f8297e8868e1dd07a7b36212aaa90f49472",
                "sha256:75723c3c0fbbf34350b46a3199eb50638ab22a0228f93fb472ef4d9becc2382b",
                "sha256:77853062a2c45be16fd6b8d6de2a99278ee1d985a7bd8b103e97e41c034006d2",
                "sha256:78151aa3ec21dccd5cdef6c74c3e73386dcdfaf19bced944169697d7ac7482fc",
                "sha256:7f01846810177d829c7692f1f5ada8096762d9172af1b1a28d4ab5b77c923c1c",
                "sha256:804d99b24ad523a1fe18cc707bf741670332f7c7412e9d49cb5eab67e886b9b5",
                "sha256:81ff62668af011f9a48787564ab7eded4e9fb17a4a6a74af5ffa6a457400d2ab",
                "sha256:8359bf4791968c5a78c56103702000105501adb557f3cf772b2c207284273984",
                "sha256:83791a65b51ad6ee6cf0845634859d69a038ea9b03d7b26e703f94c7e93dbcf9",
                "sha256:8532fd6e6e2dc57bcb3bc90b079c60de896d2128c5d9d6f24a63875a95a088cf",
                "sha256:876801744b0dee379e4e3c38b76fc89f88834bb15bf92ee07d94acd06ec890a0",
                "sha256:8dbf6d1bc73f1d04ec1734bae3b4fb0ee3cb2a493d35ede9badbeb901fb40f6f",
                "sha256:8f8544b092a29a6ddd72f3556a9fcf249ec412e10ad28be6a0c0d948924f2212",
                "sha256:911dda9c487075abd54e644ccdf5e5c16773470a6a5d3826fda76699410066fb",
                "sha256:977646e05232579d2e7b9c59e21dbe5261f403a88417f6a6512e70d3f8a046be",
                "sha256:9dba73be7305b399924709b91682299794887cbbd88e38226ed9f6712eabee90",
                "sha256:a148c5d507bb9b4f2030a2025c545fccb0e1ef317393eaba42e7eabd28eb6041",
                "sha256:a6cdcc3ede532f4a4b96000b6362099591ab4a3e913d70bcbac2b56c872446f7",
                "sha256:ac05fb791acf5e1a3e39402641827780fe44d27e72567a000412c648a85ba860",
                "sha256:b0605eaed3eb239e87df0d5e3c6489daae3f7388d455d0c0b4df899519c6a38d",
                "sha256:b58b4710c7f4161b5e9dcbe73bb7c62d65670a87df7bcce9e1faaad43e715245",
                "sha256:b6356793b84728d9d50ead16ab43c187673831e9d4019013f1402c41b1db9b27",
                "sha256:b76bedd166805480ab069612119ea636f5ab8f8771e640ae103e05a4aae3e417",
                "sha256:bc7bb56d04601d443f24094e9e31ae6deec9ccb23581f75343feebaf30423359",
                "sha256:c2470da5418b76232f02a2fcd2229537bb2d5a7096674ce61859c3229f2eb202",
                "sha256:c332c8d69fb64979ebf76613c66b985414927a40f8defa16cf1bc028b7b0a7b0",
                "sha256:c6af2a6d4b7ee9615cbb162b0738f6e1fd1f5c3eda7e5da17861eacf4c717ea7",
                "sha256:c77e3d1862452565875eb31bdb45ac62502feabbd53429fdc39a1cc341d681ba",
                "sha256:ca08decd2697fdea0aea364b370b1249d47336aec935f87b8bbfd7da5b2ee9c1",
                "sha256:ca49a8119c6cbd77375ae303b0cfd8c11f011abbbd64601167ecca18a87e7cdd",
                "sha256:cb16c65dcb648d0a43a2521f2f0a2300f40639f6f8c1ecbc662141e4e3e1ee07",
                "sha256:d2997c458c690ec2bc6b0b7ecbafd02b029b7b4283078d3b32a852a7ce3ddd98",
                "sha256:d3f82c171b4ccd83bbaf35aa05e44e690113bd4f3b7b6cc54d2219b132f3ae55",
                "sha256:dc4926288b2a3e9fd7b50dc6a1909a13bbdadfc67d93f3374d984e56f885579d",
                "sha256:ead20f7913a9c1e894aebe47cccf9dc834e1618b7aa96155d2091a626e59c972",
                "sha256:ebdc36bea43063116f0486869652cb2ed7032dbc59fbcb4445c4862b5c1ecf7f",
                "sha256:ed1184ab8f113e8d660ce49a56390ca181f2981066acc27cf637d5c1e10ce46e",
                "sha256:ee825e70b1a209475622f7f7b776785bd68f34af6e7a46e2e42f27b659b5bc26",
                "sha256:f7ae5d65ccfbebdfa761585228eb4d0df3a8b15cfb53bd953e713e09fbb12957",
                "sha256:f7fc5a5acafb7d6ccca13bfa8c90f8c51f13d8fb87d95656d3950f0158d3ce53",
                "sha256:f9b5571d33660d5009a8b3c25dc1db560206e2d2f89d3df1cb32d72c0d117d52"
            ],
            "markers": "python_version >= '3.7'",
            "version": "==2.9.9"
        },
        "pyjwt": {
            "hashes": [
                "sha256:3cc5772eb20009233caf06e9d8a0577824723b44e6648ee0a2aedb6cf9381953",
                "sha256:dcdd193e30abefd5debf142f9adfcdd2b58004e644f25406ffaebd50bd98dacb"
            ],
            "index": "pypi",
            "markers": "python_version >= '3.9'",
            "version": "==2.10.1"
        },
        "python-dateutil": {
            "hashes": [
                "sha256:37dd54208da7e1cd875388217d5e00ebd4179249f90fb72437e91a35459a0ad3",
                "sha256:a8b2bc7bffae282281c8140a97d3aa9c14da0b136dfe83f850eea9a5f7470427"
            ],
            "index": "pypi",
            "markers": "python_version >= '2.7' and python_version not in '3.0, 3.1, 3.2, 3.3'",
            "version": "==2.9.0.post0"
        },
        "python-dotenv": {
            "hashes": [
                "sha256:41f90bc6f5f177fb41f53e87666db362025010eb28f60a01c9143bfa33a2b2d5",
                "sha256:d7c01d9e2293916c18baf562d95698754b0dbbb5e74d457c45d4f6561fb9d55d"
            ],
            "index": "pypi",
            "markers": "python_version >= '3.9'",
            "version": "==1.1.0"
        },
        "pytz": {
            "hashes": [
                "sha256:2aa355083c50a0f93fa581709deac0c9ad65cca8a9e9beac660adcbd493c798a",
                "sha256:31c7c1817eb7fae7ca4b8c7ee50c72f93aa2dd863de768e1ef4245d426aa0725"
            ],
            "version": "==2024.2"
        },
        "referencing": {
            "hashes": [
                "sha256:df2e89862cd09deabbdba16944cc3f10feb6b3e6f18e902f7cc25609a34775aa",
                "sha256:e8699adbbf8b5c7de96d8ffa0eb5c158b3beafce084968e2ea8bb08c6794dcd0"
            ],
            "markers": "python_version >= '3.9'",
            "version": "==0.36.2"
        },
        "rpds-py": {
            "hashes": [
                "sha256:098d446d76d26e394b440d73921b49c1c90274d46ccbaadf346b1b78f9fdd4b1",
                "sha256:0d63a86b457069d669c423f093db4900aa102f0e5a626973eff4db8355c0fd96",
                "sha256:0dcdee07ebf76223092666c72a9552db276fbe46b98830ecd1bb836cc98adc81",
                "sha256:0ee0cc81f875e853ccdf3badb44b67f771fb9149baa9e752777ccdcaf052ad26",
                "sha256:113d134dc5a8d2503630ca2707b58a1bf5b1b3c69b35c7dab8690ee650c111b8",
                "sha256:12a84c3851f9e68633d883c01347db3cb87e6160120a489f9c47162cd276b0a5",
                "sha256:12b42790c91e0041a98f0ec04244fb334696938793e785a5d4c7e56ca534d7da",
                "sha256:16fb28d3a653f67c871a47c5ca0be17bce9fab8adb8bcf7bd09f3771b8c4d860",
                "sha256:1e11065b759c38c4945f8c9765ed2910e31fa5b2f7733401eb7d966f468367a2",
                "sha256:20af08b0b2d5b196a2bcb70becf0b97ec5af579cee0ae6750b08a2eea3b6c77d",
                "sha256:240251fd95b057c26f8538d0e673bf983eba4f38da95fbaf502bfc1a768b3984",
                "sha256:2649ff19291928243f90c86e4dc9cd86c8c4c6a73c3693ba2e23bc2fbcd8338c",
                "sha256:28bd2969445acc2d6801a22f97a43134ae3cb18e7495d668bfaa8d82b8526cdc",
                "sha256:2bd08c82336412a39a598e5baccab2ee2d7bd54e9115c8b64f2febb45da5c368",
                "sha256:2f91902fc0c95dd1fa6b30ebd2af83ace91e592f7fd6340a375588a9d4b9341b",
                "sha256:35c8cb5dcf7d36d3adf2ae0730b60fb550a8feb6e432bee7ef84162a0d15714b",
                "sha256:36a7564deaac3f372e8b8b701eb982ea3113516e8e08cd87e3dc6ccf29bad14b",
                "sha256:3752a015db89ea3e9c04d5e185549be4aa29c1882150e094c614c0de8e788feb",
                "sha256:383cf0d4288baf5a16812ed70d54ecb7f2064e255eb7fe42c38e926adeae4534",
                "sha256:3a21f4584f69547ae03aaa21be98753e85599f3437b84039da5dc20b53abe987",
                "sha256:3d7d65aa934899849628137ab391562cdb487c6ffb9b9781319a64a9c66afbce",
                "sha256:469054e6b2f8e41f1fe62b95f617082019d343eddeec3219ff3909067e672fb9",
                "sha256:4acbe2349a3baac9cc212005b6cb4bbb7e5b34538886cde4f55dfc29173da1d6",
                "sha256:4ad37c29adc435e6d8b24be86b03596183ee8d4bb8580cc4c676879b0b896a99",
                "sha256:4d97661bf5848dd9e5eb7ded480deccf9d32ce2cd500b88a26acbf7bd2864985",
                "sha256:4e5fe366fa53bd6777cf5440245366705338587b2cf8d61348ddaad744eb591a",
                "sha256:4fbec54cc42fa90ca69158d75f125febc4116b2d934e71c78f97de1388a8feb2",
                "sha256:540cd89d256119845b7f8f56c4bb80cad280cab92d9ca473be49ea13e678fd44",
                "sha256:542a6f1d0f400b9ce1facb3e30dd3dc84e4affc60353509b00a7bdcd064be91e",
                "sha256:54f925ff8d4443b7cae23a5215954abbf4736a3404188bde53c4d744ac001d89",
                "sha256:551897221bbc9de17bce4574810347db8ec1ba4ec2f50f35421790d34bdb6ef9",
                "sha256:57e9616a2a9da08fe0994e37a0c6f578fbaf6d35911bcba31e99660542d60c45",
                "sha256:587cad3959d3d85127cf5df1624cdce569bb3796372e00420baad46af7c56b9b",
                "sha256:58cfaa54752d6d2b4f10e87571688dbb7792327a69eca5417373d77d42787058",
                "sha256:5afbff2822016db3c696cb0c1432e6b1f0e34aa9280bc5184dc216812a24e70d",
                "sha256:5b049dd0792d51f07193cd934acec89abe84d2607109e6ca223b2f0ff24f0c7d",
                "sha256:5bbfbd9c74c4dd74815bd532bf29bedea6d27d38f35ef46f9754172a14e4c655",
                "sha256:5e849315963eb08c26167d0f2c0f9319c9bd379daea75092b3c595d70be6209d",
                "sha256:6065a489b7b284efb29d57adffae2b9b5e9403d3c8d95cfa04e04e024e6b4e77",
                "sha256:637ec39f97e342a3f76af739eda96800549d92f3aa27a2170b6dcbdffd49f480",
                "sha256:653a066d2a4a332d4f8a11813e8124b643fa7b835b78468087a9898140469eee",
                "sha256:6587ece9f205097c62d0e3d3cb7c06991eb0083ab6a9cf48951ec49c2ab7183c",
                "sha256:66087711faf29cb3ac8ab05341939aec29968626aff8ef18e483e229055dd9a7",
                "sha256:66568caacf18542f0cf213db7adf3de2da6ad58c7bf2c4fafec0d81ae557443b",
                "sha256:673ba018df5ae5e7b6c9a021d51ffe39c0ae1daa0041611ed27a0bca634b2d2e",
                "sha256:6a1eda14db1ac7a2ab4536dfe69e4d37fdd765e8e784ae4451e61582ebb76012",
                "sha256:6b0c0f671a53c129ea48f9481e95532579cc489ab5a0ffe750c9020787181c48",
                "sha256:6b5f457afffb45d3804728a54083e31fbaf460e902e3f7d063e56d0d0814301e",
                "sha256:6bcca4d0d24d8c37bfe0cafdaaf4346b6c516db21ccaad5c7fba0a0df818dfc9",
                "sha256:6c27156c8d836e7ff760767e93245b286ae028bfd81d305db676662d1f642637",
                "sha256:6c72a4a8fab10bc96720ad40941bb471e3b1150fb8d62dab205d495511206cf1",
                "sha256:6d95521901896a90a858993bfa3ec0f9160d3d97e8c8fefc279b3306cdadfee0",
                "sha256:7715597186a7277be12729c896019226321bad1f047da381ab707b177aa5017c",
                "sha256:77814c7a4e1dc43fba73aeb4c1ef0fe37d901f3aa869a4823de5ea843a283fd0",
                "sha256:77910d6bec321c9fccfe9cf5e407fed9d2c48a5e510473b4f070d5cf2413c003",
                "sha256:7c18cb2f6805861dcdf11fb0b3c111a0335f6475411687db2f6636f32bed66b0",
                "sha256:7d34547810bfd61acf8a441e8a3651e7a919e8e8aed29850be14a1b05cfc6f41",
                "sha256:8029c19c8a32ef3093c417dd16a5f806e7f529fcceea7c627b2635e9da5104da",
                "sha256:805a0dff0674baa3f360c21dcbc622ae544f2bb4753d87a4a56a1881252a477e",
                "sha256:80b37b37525492250adc7cbca20ae7084f86eb3eb62414b624d2a400370853b1",
                "sha256:8155e21203161e5c78791fc049b99f0bbbf14d1d1839c8c93c8344957f9e8e1e",
                "sha256:837fd066f974e5b98c69ac83ec594b79a2724a39a92a157b8651615e5032e530",
                "sha256:83e103b48e63fd2b8a8e2b21ab5b5299a7146045626c2ed4011511ea8122d217",
                "sha256:85587479f210350e9d9d25e505f422dd636e561658382ee8947357a4bac491ad",
                "sha256:864573b6440b770db5a8693547a8728d7fd32580d4903010a8eee0bb5b03b130",
                "sha256:87c6ff87b38f46d712418d78b34db1198408a3d9a42eddc640644aea561216b1",
                "sha256:89260601d497fa5957c3e46f10b16cfa2a4808ad4dd46cddc0b997461923a7d9",
                "sha256:89bb2b20829270aca28b1e5481be8ee24cb9aa86e6c0c81cb4ada2112c9588c5",
                "sha256:8abc1a3e29b599bf8bb5ad455256a757e8b0ed5621e7e48abe8209932dc6d11e",
                "sha256:8c2ad59c4342a176cb3e0d5753e1c911eabc95c210fc6d0e913c32bf560bf012",
                "sha256:8f3a57f08c558d0983a708bfe6d1265f47b5debff9b366b2f2091690fada055c",
                "sha256:90dbd2c42cb6463c07020695800ae8f347e7dbeff09da2975a988e467b624539",
                "sha256:91a51499be506022b9f09facfc42f0c3a1c45969c0fc8f0bbebc8ff23ab9e531",
                "sha256:9442cbff21122e9a529b942811007d65eabe4182e7342d102caf119b229322c6",
                "sha256:94f89161a3e358db33310a8a064852a6eb119ed1aa1a3dba927b4e5140e65d00",
                "sha256:96742796f499ac23b59856db734e65b286d1214a0d9b57bcd7bece92d9201fa4",
                "sha256:98c729193e7abe498565266933c125780fb646e977e94289cadbb36e4eeeb370",
                "sha256:9b75b5d3416b00d064a5e6f4814fdfb18a964a7cf38dc00b5c2c02fa30a7dd0b",
                "sha256:9cad834f1a8f51eb037c3c4dc72c884c9e1e0644d900e2d45aa76450e4aa6282",
                "sha256:9d0041bd9e2d2ef803b32d84a0c8115d178132da5691346465953a2a966ba8ca",
                "sha256:9f9a1b15b875160186177f659cde2b0f899182b0aca49457d6396afc4bbda7b9",
                "sha256:a05b199c11d2f39c72de8c30668734b5d20974ad44b65324ea3e647a211f135d",
                "sha256:a413674eb2bd2ecb2b93fcc928871b19f7220ee04bca4af3375c50a2b32b5a50",
                "sha256:a54b94b0e4de95aa92618906fb631779d9fde29b4bf659f482c354a3a79fd025",
                "sha256:a60ba9d104f4e8496107b1cb86e45a68a16d13511dc3986e0780e9f85c2136f9",
                "sha256:ad4a896896346adab86d52b31163c39d49e4e94c829494b96cc064bff82c5851",
                "sha256:af1c2241919304cc2f90e7dcb3eb1c1df6fb4172dd338e629dd6410e48b3d1a0",
                "sha256:b0a5651e350997cebcdc23016dca26c4d1993d29015a535284da3159796e30b6",
                "sha256:b7d60d42f1b9571341ad2322e748f7a60f9847546cd801a3a0eb72a1b54c6519",
                "sha256:bb979162323f3534dce84b59f86e689a0761a2a300e0212bfaedfa80d4eb8100",
                "sha256:bc907ea12216cfc5560148fc42459d86740fc739981c6feb94230dab09362679",
                "sha256:c146a24a8f0dc4a7846fb4640b88b3a68986585b8ce8397af15e66b7c5817439",
                "sha256:c46bd76986e05689376d28fdc2b97d899576ce3e3aaa5a5f80f67a8300b26eb3",
                "sha256:c624c82e645f6b5465d08cdc802fb0cd53aa1478782fb2992b9e09f2c9426865",
                "sha256:cd36b71f9f3bf195b2dd9be5eafbfc9409e6c8007aebc38a4dc051f522008033",
                "sha256:ce0518667855a1598d9b1f4fcf0fed1182c67c5ba4fe6a2c6bce93440a65cead",
                "sha256:d21408eaa157063f56e58ca50da27cad67c4395a85fb44cc7a31253ea4e58918",
                "sha256:d33aef3914a5b49db12ed3f24d214ffa50caefc8f4b0c7c7b9485bd4b231a898",
                "sha256:d3dc8d6ce8f001c80919bdb49d8b0b815185933a0b8e9cdeaea42b0b6f27eeb0",
                "sha256:d58258a66255b2500ddaa4f33191ada5ec983a429c09eb151daf81efbb9aa115",
                "sha256:d8b41195a6b03280ab00749a438fbce761e7acfd5381051a570239d752376f27",
                "sha256:ddf9426b740a7047b2b0dddcba775211542e8053ce1e509a1759b665fe573508",
                "sha256:de34a7d1893be76cb015929690dce3bde29f4de08143da2e9ad1cedb11dbf80e",
                "sha256:e3d50ac3b772c10e0b918a5ce2e871138896bfb5f35050ff1ff87ddca45961fc",
                "sha256:e49e4c3e899c32884d7828c91d6c3aff08d2f18857f50f86cc91187c31a4ca58",
                "sha256:eb91471640390a82744b164f8a0be4d7c89d173b1170713f9639c6bad61e9e64",
                "sha256:f2e69415e4e33cdeee50ebc2c4d8fcbef12c3181d9274e512ccd2a905a76aad1",
                "sha256:f3353a2d7eb7d5e0af8a7ca9fc85a34ba12619119bcdee6b8a28a6373cda65ce",
                "sha256:f933b35fa563f047896a70b69414dfb3952831817e4c4b3a6faa96737627f363",
                "sha256:fccd24c080850715c58a80200d367bc62b4bff6c9fb84e9564da1ebcafea6418",
                "sha256:fd9167e9604cb5a218a2e847aa8cdc5f98b379a673371978ee7b0c11b4d2e140",
                "sha256:fdc648d4e81eef5ac4bb35d731562dffc28358948410f3274d123320e125d613",
                "sha256:fe7439d9c5b402af2c9911c7facda1808d0c8dbfa9cf085e6aeac511a23f7d87",
                "sha256:ffae52cd76837a5c16409359d236b1fced79e42e0792e8adf375095a5e855368"
            ],
            "markers": "python_version >= '3.9'",
            "version": "==0.25.0"
        },
        "setuptools": {
            "hashes": [
                "sha256:f171bab1dfbc86b132997f26a119f6056a57950d058587841a0082e8830f9dc5",
                "sha256:fe384da74336c398e0d956d1cae0669bc02eed936cdb1d49b57de1990dc11ffc"
            ],
            "markers": "python_version >= '3.8'",
            "version": "==70.3.0"
        },
        "six": {
            "hashes": [
                "sha256:4721f391ed90541fddacab5acf947aa0d3dc7d27b2e1e8eda2be8970586c3274",
                "sha256:ff70335d468e7eb6ec65b95b99d3a2836546063f63acc5171de367e834932a81"
            ],
            "markers": "python_version >= '2.7' and python_version not in '3.0, 3.1, 3.2, 3.3'",
            "version": "==1.17.0"
        },
        "sqlalchemy": {
            "hashes": [
                "sha256:01d10638a37460616708062a40c7b55f73e4d35eaa146781c683e0fa7f6c43fb",
                "sha256:04c487305ab035a9548f573763915189fc0fe0824d9ba28433196f8436f1449c",
                "sha256:0dfefdb3e54cd15f5d56fd5ae32f1da2d95d78319c1f6dfb9bcd0eb15d603d5d",
                "sha256:0f3ca96af060a5250a8ad5a63699180bc780c2edf8abf96c58af175921df847a",
                "sha256:205f5a2b39d7c380cbc3b5dcc8f2762fb5bcb716838e2d26ccbc54330775b003",
                "sha256:25664e18bef6dc45015b08f99c63952a53a0a61f61f2e48a9e70cec27e55f699",
                "sha256:296195df68326a48385e7a96e877bc19aa210e485fa381c5246bc0234c36c78e",
                "sha256:2a0732dffe32333211801b28339d2a0babc1971bc90a983e3035e7b0d6f06b93",
                "sha256:3071ad498896907a5ef756206b9dc750f8e57352113c19272bdfdc429c7bd7de",
                "sha256:308ef9cb41d099099fffc9d35781638986870b29f744382904bf9c7dadd08513",
                "sha256:334184d1ab8f4c87f9652b048af3f7abea1c809dfe526fb0435348a6fef3d380",
                "sha256:38b624e5cf02a69b113c8047cf7f66b5dfe4a2ca07ff8b8716da4f1b3ae81567",
                "sha256:471fcb39c6adf37f820350c28aac4a7df9d3940c6548b624a642852e727ea586",
                "sha256:4c142852ae192e9fe5aad5c350ea6befe9db14370b34047e1f0f7cf99e63c63b",
                "sha256:4f6d971255d9ddbd3189e2e79d743ff4845c07f0633adfd1de3f63d930dbe673",
                "sha256:52c8011088305476691b8750c60e03b87910a123cfd9ad48576d6414b6ec2a1d",
                "sha256:52de4736404e53c5c6a91ef2698c01e52333988ebdc218f14c833237a0804f1b",
                "sha256:5c7b02525ede2a164c5fa5014915ba3591730f2cc831f5be9ff3b7fd3e30958e",
                "sha256:5ef3fbccb4058355053c51b82fd3501a6e13dd808c8d8cd2561e610c5456013c",
                "sha256:5f20cb0a63a3e0ec4e169aa8890e32b949c8145983afa13a708bc4b0a1f30e03",
                "sha256:61405ea2d563407d316c63a7b5271ae5d274a2a9fbcd01b0aa5503635699fa1e",
                "sha256:77d29cb6c34b14af8a484e831ab530c0f7188f8efed1c6a833a2c674bf3c26ec",
                "sha256:7b184e3de58009cc0bf32e20f137f1ec75a32470f5fede06c58f6c355ed42a72",
                "sha256:7e614d7a25a43a9f54fcce4675c12761b248547f3d41b195e8010ca7297c369c",
                "sha256:8197d6f7a3d2b468861ebb4c9f998b9df9e358d6e1cf9c2a01061cb9b6cf4e41",
                "sha256:87a1d53a5382cdbbf4b7619f107cc862c1b0a4feb29000922db72e5a66a5ffc0",
                "sha256:8c37f1050feb91f3d6c32f864d8e114ff5545a4a7afe56778d76a9aec62638ba",
                "sha256:90453597a753322d6aa770c5935887ab1fc49cc4c4fdd436901308383d698b4b",
                "sha256:988569c8732f54ad3234cf9c561364221a9e943b78dc7a4aaf35ccc2265f1930",
                "sha256:99a1e69d4e26f71e750e9ad6fdc8614fbddb67cfe2173a3628a2566034e223c7",
                "sha256:9b19836ccca0d321e237560e475fd99c3d8655d03da80c845c4da20dda31b6e1",
                "sha256:9d6753305936eddc8ed190e006b7bb33a8f50b9854823485eed3a886857ab8d1",
                "sha256:a13b917b4ffe5a0a31b83d051d60477819ddf18276852ea68037a144a506efb9",
                "sha256:a88913000da9205b13f6f195f0813b6ffd8a0c0c2bd58d499e00a30eb508870c",
                "sha256:b2a0e3cf0caac2085ff172c3faacd1e00c376e6884b5bc4dd5b6b84623e29e4f",
                "sha256:b5d7ed79df55a731749ce65ec20d666d82b185fa4898430b17cb90c892741520",
                "sha256:bab41acf151cd68bc2b466deae5deeb9e8ae9c50ad113444151ad965d5bf685b",
                "sha256:bd9566b8e58cabd700bc367b60e90d9349cd16f0984973f98a9a09f9c64e86f0",
                "sha256:bda7ce59b06d0f09afe22c56714c65c957b1068dee3d5e74d743edec7daba552",
                "sha256:c2f9c762a2735600654c654bf48dad388b888f8ce387b095806480e6e4ff6907",
                "sha256:c4520047006b1d3f0d89e0532978c0688219857eb2fee7c48052560ae76aca1e",
                "sha256:d96710d834a6fb31e21381c6d7b76ec729bd08c75a25a5184b1089141356171f",
                "sha256:dba622396a3170974f81bad49aacebd243455ec3cc70615aeaef9e9613b5bca5",
                "sha256:dc4ee2d4ee43251905f88637d5281a8d52e916a021384ec10758826f5cbae305",
                "sha256:dddaae9b81c88083e6437de95c41e86823d150f4ee94bf24e158a4526cbead01",
                "sha256:de7202ffe4d4a8c1e3cde1c03e01c1a3772c92858837e8f3879b497158e4cb44",
                "sha256:e5bbe55e8552019c6463709b39634a5fc55e080d0827e2a3a11e18eb73f5cdbd",
                "sha256:ea311d4ee9a8fa67f139c088ae9f905fcf0277d6cd75c310a21a88bf85e130f5",
                "sha256:fecd5089c4be1bcc37c35e9aa678938d2888845a134dd016de457b942cf5a758"
            ],
            "markers": "python_version >= '3.7'",
            "version": "==2.0.29"
        },
        "sqlalchemy-serializer": {
            "hashes": [
                "sha256:4f140b711976e0a31a8c52d633ea4ba2a624611cd6573cb72b4985316547797b",
                "sha256:866fac5fb62cf92793470d8b93e4db47fbfffa76d7b4ef7d69906a9000c026cb"
            ],
            "index": "pypi",
            "markers": "python_version >= '3.10' and python_version < '4.0'",
            "version": "==1.4.22"
        },
        "typing-extensions": {
            "hashes": [
                "sha256:a439e7c04b49fec3e5d3e2beaa21755cadbbdc391694e28ccdd36ca4a1408f8c",
                "sha256:e6c81219bd689f51865d9e372991c540bda33a0379d5573cddb9a3a23f7caaef"
            ],
            "markers": "python_version >= '3.8'",
            "version": "==4.13.2"
        },
        "werkzeug": {
            "hashes": [
                "sha256:54b78bf3716d19a65be4fceccc0d1d7b89e608834989dfae50ea87564639213e",
                "sha256:60723ce945c19328679790e3282cc758aa4a6040e4bb330f53d30fa546d44746"
            ],
            "markers": "python_version >= '3.9'",
            "version": "==3.1.3"
        }
    },
    "develop": {}
}
